
Microsoft Visual Studio Solution File, Format Version 12.00
# Visual Studio Version 16
VisualStudioVersion = 16.0.31624.102
MinimumVisualStudioVersion = 10.0.40219.1
Project("{FAE04EC0-301F-11D3-BF4B-00C04F79EFBC}") = "SnowRunnerStutterHook", "SnowRunnerStutterHook\SnowRunnerStutterHook.csproj", "{8CE9AB65-3ED7-4350-BE06-732995437ABF}"
EndProject
Project("{FAE04EC0-301F-11D3-BF4B-00C04F79EFBC}") = "SnowRunnerStutterRemover", "SnowRunnerStutterStarter\SnowRunnerStutterRemover.csproj", "{0A674310-9C45-4249-BC93-3FE23657F41B}"
EndProject
Project("{FAE04EC0-301F-11D3-BF4B-00C04F79EFBC}") = "SnowRunnerStutterPatcher", "SnowRunnerStutterPatcher\SnowRunnerStutterPatcher.csproj", "{A67551A5-54F6-4D10-8F8A-71F4371B1E49}"
EndProject
Global
	GlobalSection(SolutionConfigurationPlatforms) = preSolution
		Debug|Any CPU = Debug|Any CPU
		Debug|x64 = Debug|x64
		Release|Any CPU = Release|Any CPU
		Release|x64 = Release|x64
	EndGlobalSection
	GlobalSection(ProjectConfigurationPlatforms) = postSolution
		{8CE9AB65-3ED7-4350-BE06-732995437ABF}.Debug|Any CPU.ActiveCfg = Debug|Any CPU
		{8CE9AB65-3ED7-4350-BE06-732995437ABF}.Debug|Any CPU.Build.0 = Debug|Any CPU
		{8CE9AB65-3ED7-4350-BE06-732995437ABF}.Debug|x64.ActiveCfg = Debug|x64
		{8CE9AB65-3ED7-4350-BE06-732995437ABF}.Debug|x64.Build.0 = Debug|x64
		{8CE9AB65-3ED7-4350-BE06-732995437ABF}.Release|Any CPU.ActiveCfg = Release|Any CPU
		{8CE9AB65-3ED7-4350-BE06-732995437ABF}.Release|Any CPU.Build.0 = Release|Any CPU
		{8CE9AB65-3ED7-4350-BE06-732995437ABF}.Release|x64.ActiveCfg = Release|x64
		{8CE9AB65-3ED7-4350-BE06-732995437ABF}.Release|x64.Build.0 = Release|x64
		{0A674310-9C45-4249-BC93-3FE23657F41B}.Debug|Any CPU.ActiveCfg = Debug|Any CPU
		{0A674310-9C45-4249-BC93-3FE23657F41B}.Debug|Any CPU.Build.0 = Debug|Any CPU
		{0A674310-9C45-4249-BC93-3FE23657F41B}.Debug|x64.ActiveCfg = Debug|x64
		{0A674310-9C45-4249-BC93-3FE23657F41B}.Debug|x64.Build.0 = Debug|x64
		{0A674310-9C45-4249-BC93-3FE23657F41B}.Release|Any CPU.ActiveCfg = Release|Any CPU
		{0A674310-9C45-4249-BC93-3FE23657F41B}.Release|Any CPU.Build.0 = Release|Any CPU
		{0A674310-9C45-4249-BC93-3FE23657F41B}.Release|x64.ActiveCfg = Release|x64
		{0A674310-9C45-4249-BC93-3FE23657F41B}.Release|x64.Build.0 = Release|x64
		{A67551A5-54F6-4D10-8F8A-71F4371B1E49}.Debug|Any CPU.ActiveCfg = Debug|Any CPU
		{A67551A5-54F6-4D10-8F8A-71F4371B1E49}.Debug|Any CPU.Build.0 = Debug|Any CPU
		{A67551A5-54F6-4D10-8F8A-71F4371B1E49}.Debug|x64.ActiveCfg = Debug|Any CPU
		{A67551A5-54F6-4D10-8F8A-71F4371B1E49}.Debug|x64.Build.0 = Debug|Any CPU
		{A67551A5-54F6-4D10-8F8A-71F4371B1E49}.Release|Any CPU.ActiveCfg = Release|Any CPU
		{A67551A5-54F6-4D10-8F8A-71F4371B1E49}.Release|Any CPU.Build.0 = Release|Any CPU
		{A67551A5-54F6-4D10-8F8A-71F4371B1E49}.Release|x64.ActiveCfg = Release|Any CPU
		{A67551A5-54F6-4D10-8F8A-71F4371B1E49}.Release|x64.Build.0 = Release|Any CPU
	EndGlobalSection
	GlobalSection(SolutionProperties) = preSolution
		HideSolutionNode = FALSE
	EndGlobalSection
	GlobalSection(ExtensibilityGlobals) = postSolution
		SolutionGuid = {7E501522-4A07-4A1D-B030-6D8936044B26}
	EndGlobalSection
EndGlobal
